[root]
name = "cty2cs"
version = "0.1.0"
dependencies = [
 "nom 1.0.1 (registry+https://github.com/rust-lang/crates.io-index)",
 "serde 0.7.5 (registry+https://github.com/rust-lang/crates.io-index)",
 "serde_json 0.7.0 (registry+https://github.com/rust-lang/crates.io-index)",
 "serde_macros 0.7.5 (registry+https://github.com/rust-lang/crates.io-index)",
]

[[package]]
name = "aster"
version = "0.16.0"
source = "registry+https://github.com/rust-lang/crates.io-index"

[[package]]
name = "nom"
version = "1.0.1"
source = "registry+https://github.com/rust-lang/crates.io-index"

[[package]]
name = "num"
version = "0.1.32"
source = "registry+https://github.com/rust-lang/crates.io-index"
dependencies = [
 "num-integer 0.1.32 (registry+https://github.com/rust-lang/crates.io-index)",
 "num-iter 0.1.32 (registry+https://github.com/rust-lang/crates.io-index)",
 "num-traits 0.1.32 (registry+https://github.com/rust-lang/crates.io-index)",
]

[[package]]
name = "num-integer"
version = "0.1.32"
source = "registry+https://github.com/rust-lang/crates.io-index"
dependencies = [
 "num-traits 0.1.32 (registry+https://github.com/rust-lang/crates.io-index)",
]

[[package]]
name = "num-iter"
version = "0.1.32"
source = "registry+https://github.com/rust-lang/crates.io-index"
dependencies = [
 "num-integer 0.1.32 (registry+https://github.com/rust-lang/crates.io-index)",
 "num-traits 0.1.32 (registry+https://github.com/rust-lang/crates.io-index)",
]

[[package]]
name = "num-traits"
version = "0.1.32"
source = "registry+https://github.com/rust-lang/crates.io-index"

[[package]]
name = "quasi"
version = "0.10.0"
source = "registry+https://github.com/rust-lang/crates.io-index"

[[package]]
name = "quasi_codegen"
version = "0.10.0"
source = "registry+https://github.com/rust-lang/crates.io-index"
dependencies = [
 "aster 0.16.0 (registry+https://github.com/rust-lang/crates.io-index)",
]

[[package]]
name = "quasi_macros"
version = "0.10.0"
source = "registry+https://github.com/rust-lang/crates.io-index"
dependencies = [
 "quasi_codegen 0.10.0 (registry+https://github.com/rust-lang/crates.io-index)",
]

[[package]]
name = "serde"
version = "0.7.5"
source = "registry+https://github.com/rust-lang/crates.io-index"

[[package]]
name = "serde_codegen"
version = "0.7.5"
source = "registry+https://github.com/rust-lang/crates.io-index"
dependencies = [
 "aster 0.16.0 (registry+https://github.com/rust-lang/crates.io-index)",
 "quasi 0.10.0 (registry+https://github.com/rust-lang/crates.io-index)",
 "quasi_macros 0.10.0 (registry+https://github.com/rust-lang/crates.io-index)",
]

[[package]]
name = "serde_json"
version = "0.7.0"
source = "registry+https://github.com/rust-lang/crates.io-index"
dependencies = [
 "num 0.1.32 (registry+https://github.com/rust-lang/crates.io-index)",
 "serde 0.7.5 (registry+https://github.com/rust-lang/crates.io-index)",
]

[[package]]
name = "serde_macros"
version = "0.7.5"
source = "registry+https://github.com/rust-lang/crates.io-index"
dependencies = [
 "serde_codegen 0.7.5 (registry+https://github.com/rust-lang/crates.io-index)",
]

